
Microsoft Visual Studio Solution File, Format Version 12.00
# Visual Studio Version 17
VisualStudioVersion = 17.4.33110.190
MinimumVisualStudioVersion = 10.0.40219.1
Project("{9A19103F-16F7-4668-BE54-9A1E7A4F7556}") = "MonopolyGui", "MonopolyGui\MonopolyGui.csproj", "{863C65AA-59B8-46B0-B3B1-6C9885016D9F}"
EndProject
Project("{FAE04EC0-301F-11D3-BF4B-00C04F79EFBC}") = "MonopolyUnitTest", "MonopolyUnitTest\MonopolyUnitTest.csproj", "{67783071-36D3-449E-8367-A60074FA217A}"
EndProject
Global
	GlobalSection(SolutionConfigurationPlatforms) = preSolution
		Debug|Any CPU = Debug|Any CPU
		Release|Any CPU = Release|Any CPU
	EndGlobalSection
	GlobalSection(ProjectConfigurationPlatforms) = postSolution
		{863C65AA-59B8-46B0-B3B1-6C9885016D9F}.Debug|Any CPU.ActiveCfg = Debug|Any CPU
		{863C65AA-59B8-46B0-B3B1-6C9885016D9F}.Debug|Any CPU.Build.0 = Debug|Any CPU
		{863C65AA-59B8-46B0-B3B1-6C9885016D9F}.Release|Any CPU.ActiveCfg = Release|Any CPU
		{863C65AA-59B8-46B0-B3B1-6C9885016D9F}.Release|Any CPU.Build.0 = Release|Any CPU
		{67783071-36D3-449E-8367-A60074FA217A}.Debug|Any CPU.ActiveCfg = Debug|Any CPU
		{67783071-36D3-449E-8367-A60074FA217A}.Debug|Any CPU.Build.0 = Debug|Any CPU
		{67783071-36D3-449E-8367-A60074FA217A}.Release|Any CPU.ActiveCfg = Release|Any CPU
		{67783071-36D3-449E-8367-A60074FA217A}.Release|Any CPU.Build.0 = Release|Any CPU
	EndGlobalSection
	GlobalSection(SolutionProperties) = preSolution
		HideSolutionNode = FALSE
	EndGlobalSection
	GlobalSection(ExtensibilityGlobals) = postSolution
		SolutionGuid = {AA2CCA77-51CB-46AB-9DE5-EE1626C0FF31}
	EndGlobalSection
EndGlobal
